// !$*UTF8*$!
{
	archiveVersion = 1;
	classes = {
	};
	objectVersion = 46;
	objects = {

/* Begin PBXBuildFile section */
		2D7D847B1BFDFE31006A1E88 /* ImageIO.framework in Frameworks */ = {isa = PBXBuildFile; fileRef = 2D7D847A1BFDFE31006A1E88 /* ImageIO.framework */; };
		2D7D84801BFDFFED006A1E88 /* MapKit.framework in Frameworks */ = {isa = PBXBuildFile; fileRef = 2D7D847F1BFDFFED006A1E88 /* MapKit.framework */; };
		2D7D84B21BFE073F006A1E88 /* libSDWebImage.a in Frameworks */ = {isa = PBXBuildFile; fileRef = 2D7D84A81BFE071D006A1E88 /* libSDWebImage.a */; };
		2DC551F01C05EBFF008FB12E /* HYModelView.m in Sources */ = {isa = PBXBuildFile; fileRef = 2DC551EF1C05EBFF008FB12E /* HYModelView.m */; };
		2DF0F2C41C072F9F00CE7B86 /* HYRefreshFooterView.m in Sources */ = {isa = PBXBuildFile; fileRef = 2DF0F2C31C072F9F00CE7B86 /* HYRefreshFooterView.m */; };
		AF36CE371BF6327400238C59 /* HYLoginController.m in Sources */ = {isa = PBXBuildFile; fileRef = AF36CE361BF6327400238C59 /* HYLoginController.m */; };
		AF47261E1BFD91AA00933F3A /* HYWeiboFrame.m in Sources */ = {isa = PBXBuildFile; fileRef = AF47261D1BFD91AA00933F3A /* HYWeiboFrame.m */; };
		AF58FB201C06B598007473BD /* HYRefreshHeaderView.m in Sources */ = {isa = PBXBuildFile; fileRef = AF58FB1F1C06B598007473BD /* HYRefreshHeaderView.m */; };
		AF85B8461BF4B70F00044DF4 /* main.m in Sources */ = {isa = PBXBuildFile; fileRef = AF85B8451BF4B70F00044DF4 /* main.m */; };
		AF85B8491BF4B70F00044DF4 /* AppDelegate.m in Sources */ = {isa = PBXBuildFile; fileRef = AF85B8481BF4B70F00044DF4 /* AppDelegate.m */; };
		AF85B84F1BF4B70F00044DF4 /* Main.storyboard in Resources */ = {isa = PBXBuildFile; fileRef = AF85B84D1BF4B70F00044DF4 /* Main.storyboard */; };
		AF85B8511BF4B70F00044DF4 /* Assets.xcassets in Resources */ = {isa = PBXBuildFile; fileRef = AF85B8501BF4B70F00044DF4 /* Assets.xcassets */; };
		AF85B8541BF4B70F00044DF4 /* LaunchScreen.storyboard in Resources */ = {isa = PBXBuildFile; fileRef = AF85B8521BF4B70F00044DF4 /* LaunchScreen.storyboard */; };
		AF85B8991BF4E69900044DF4 /* HYButton.m in Sources */ = {isa = PBXBuildFile; fileRef = AF85B8921BF4E69900044DF4 /* HYButton.m */; };
		AF85B89A1BF4E69900044DF4 /* HYTabbar.m in Sources */ = {isa = PBXBuildFile; fileRef = AF85B8941BF4E69900044DF4 /* HYTabbar.m */; };
		AF85B89C1BF4E69900044DF4 /* ViewController.m in Sources */ = {isa = PBXBuildFile; fileRef = AF85B8981BF4E69900044DF4 /* ViewController.m */; };
		AFA7F8A11BF5C6C000EABE40 /* HYDiscoverController.m in Sources */ = {isa = PBXBuildFile; fileRef = AFA7F8A01BF5C6C000EABE40 /* HYDiscoverController.m */; };
		AFA7F8A41BF5C6D000EABE40 /* HYMeController.m in Sources */ = {isa = PBXBuildFile; fileRef = AFA7F8A31BF5C6D000EABE40 /* HYMeController.m */; };
		AFA7F8A71BF5C6E100EABE40 /* HYMessageController.m in Sources */ = {isa = PBXBuildFile; fileRef = AFA7F8A61BF5C6E100EABE40 /* HYMessageController.m */; };
		AFA7F8AA1BF5C76D00EABE40 /* HYHomeController.m in Sources */ = {isa = PBXBuildFile; fileRef = AFA7F8A91BF5C76D00EABE40 /* HYHomeController.m */; };
		AFA7F8AD1BF5D1E700EABE40 /* HyNavigationController.m in Sources */ = {isa = PBXBuildFile; fileRef = AFA7F8AC1BF5D1E700EABE40 /* HyNavigationController.m */; };
		AFBDB6E31C04A72D004794B0 /* HYTableViewController.m in Sources */ = {isa = PBXBuildFile; fileRef = AFBDB6E21C04A72D004794B0 /* HYTableViewController.m */; };
		AFD9680E1BFC5FB500A9764A /* HYTableViewCell.m in Sources */ = {isa = PBXBuildFile; fileRef = AFD9680D1BFC5FB500A9764A /* HYTableViewCell.m */; };
		AFD968121BFC657A00A9764A /* HYWeibo.m in Sources */ = {isa = PBXBuildFile; fileRef = AFD968111BFC657A00A9764A /* HYWeibo.m */; };
		AFD968151BFC65FF00A9764A /* HYUser.m in Sources */ = {isa = PBXBuildFile; fileRef = AFD968141BFC65FF00A9764A /* HYUser.m */; };
		AFF376971C056750003EDA9A /* HYWeiboTopView.m in Sources */ = {isa = PBXBuildFile; fileRef = AFF376961C056750003EDA9A /* HYWeiboTopView.m */; };
		AFF376A11C056ABB003EDA9A /* HYPhotoView.m in Sources */ = {isa = PBXBuildFile; fileRef = AFF376A01C056ABB003EDA9A /* HYPhotoView.m */; };
		AFF376A41C0599E1003EDA9A /* HYWeiboToolbar.m in Sources */ = {isa = PBXBuildFile; fileRef = AFF376A31C0599E1003EDA9A /* HYWeiboToolbar.m */; };
		AFF376AA1C05B905003EDA9A /* HYRetweetView.m in Sources */ = {isa = PBXBuildFile; fileRef = AFF376A91C05B905003EDA9A /* HYRetweetView.m */; };
		AFF74AFC1BF9863E003B8C61 /* HYLoginLogoView.m in Sources */ = {isa = PBXBuildFile; fileRef = AFF74AFB1BF9863E003B8C61 /* HYLoginLogoView.m */; };
		AFF74B021BF9D467003B8C61 /* HYHelper.m in Sources */ = {isa = PBXBuildFile; fileRef = AFF74B011BF9D467003B8C61 /* HYHelper.m */; };
/* End PBXBuildFile section */

/* Begin PBXContainerItemProxy section */
		2D7D84A71BFE071D006A1E88 /* PBXContainerItemProxy */ = {
			isa = PBXContainerItemProxy;
			containerPortal = 2D7D849E1BFE071C006A1E88 /* SDWebImage.xcodeproj */;
			proxyType = 2;
			remoteGlobalIDString = 53761325155AD0D5005750A4;
			remoteInfo = SDWebImage;
		};
		2D7D84A91BFE071D006A1E88 /* PBXContainerItemProxy */ = {
			isa = PBXContainerItemProxy;
			containerPortal = 2D7D849E1BFE071C006A1E88 /* SDWebImage.xcodeproj */;
			proxyType = 2;
			remoteGlobalIDString = 537D95C117ECC1FE0097C263;
			remoteInfo = "SDWebImage+WebP";
		};
		2D7D84AB1BFE071D006A1E88 /* PBXContainerItemProxy */ = {
			isa = PBXContainerItemProxy;
			containerPortal = 2D7D849E1BFE071C006A1E88 /* SDWebImage.xcodeproj */;
			proxyType = 2;
			remoteGlobalIDString = 531041E0157EAFA400BBABC3;
			remoteInfo = "SDWebImage+MKAnnotation";
		};
		2D7D84AD1BFE071D006A1E88 /* PBXContainerItemProxy */ = {
			isa = PBXContainerItemProxy;
			containerPortal = 2D7D849E1BFE071C006A1E88 /* SDWebImage.xcodeproj */;
			proxyType = 2;
			remoteGlobalIDString = 4A2CADFF1AB4BB5300B6BC39;
			remoteInfo = WebImage;
		};
		2D7D84AF1BFE071D006A1E88 /* PBXContainerItemProxy */ = {
			isa = PBXContainerItemProxy;
			containerPortal = 2D7D849E1BFE071C006A1E88 /* SDWebImage.xcodeproj */;
			proxyType = 2;
			remoteGlobalIDString = 00733A4C1BC487C000A5A117;
			remoteInfo = "WebImage tvOS";
		};
/* End PBXContainerItemProxy section */

/* Begin PBXFileReference section */
		2D7D847A1BFDFE31006A1E88 /* ImageIO.framework */ = {isa = PBXFileReference; lastKnownFileType = wrapper.framework; name = ImageIO.framework; path = System/Library/Frameworks/ImageIO.framework; sourceTree = SDKROOT; };
		2D7D847F1BFDFFED006A1E88 /* MapKit.framework */ = {isa = PBXFileReference; lastKnownFileType = wrapper.framework; name = MapKit.framework; path = System/Library/Frameworks/MapKit.framework; sourceTree = SDKROOT; };
		2D7D849E1BFE071C006A1E88 /* SDWebImage.xcodeproj */ = {isa = PBXFileReference; lastKnownFileType = "wrapper.pb-project"; name = SDWebImage.xcodeproj; path = "../../../Downloads/SDWebImage-master/SDWebImage.xcodeproj"; sourceTree = "<group>"; };
		2DC551EE1C05EBFF008FB12E /* HYModelView.h */ = {isa = PBXFileReference; fileEncoding = 4; lastKnownFileType = sourcecode.c.h; path = HYModelView.h; sourceTree = "<group>"; };
		2DC551EF1C05EBFF008FB12E /* HYModelView.m */ = {isa = PBXFileReference; fileEncoding = 4; lastKnownFileType = sourcecode.c.objc; path = HYModelView.m; sourceTree = "<group>"; };
		2DF0F2C21C072F9F00CE7B86 /* HYRefreshFooterView.h */ = {isa = PBXFileReference; fileEncoding = 4; lastKnownFileType = sourcecode.c.h; path = HYRefreshFooterView.h; sourceTree = "<group>"; };
		2DF0F2C31C072F9F00CE7B86 /* HYRefreshFooterView.m */ = {isa = PBXFileReference; fileEncoding = 4; lastKnownFileType = sourcecode.c.objc; path = HYRefreshFooterView.m; sourceTree = "<group>"; };
		AF36CE351BF6327400238C59 /* HYLoginController.h */ = {isa = PBXFileReference; fileEncoding = 4; lastKnownFileType = sourcecode.c.h; path = HYLoginController.h; sourceTree = "<group>"; };
		AF36CE361BF6327400238C59 /* HYLoginController.m */ = {isa = PBXFileReference; fileEncoding = 4; lastKnownFileType = sourcecode.c.objc; path = HYLoginController.m; sourceTree = "<group>"; };
		AF47261C1BFD91AA00933F3A /* HYWeiboFrame.h */ = {isa = PBXFileReference; fileEncoding = 4; lastKnownFileType = sourcecode.c.h; path = HYWeiboFrame.h; sourceTree = "<group>"; };
		AF47261D1BFD91AA00933F3A /* HYWeiboFrame.m */ = {isa = PBXFileReference; fileEncoding = 4; lastKnownFileType = sourcecode.c.objc; path = HYWeiboFrame.m; sourceTree = "<group>"; };
		AF58FB1E1C06B598007473BD /* HYRefreshHeaderView.h */ = {isa = PBXFileReference; fileEncoding = 4; lastKnownFileType = sourcecode.c.h; path = HYRefreshHeaderView.h; sourceTree = "<group>"; };
		AF58FB1F1C06B598007473BD /* HYRefreshHeaderView.m */ = {isa = PBXFileReference; fileEncoding = 4; lastKnownFileType = sourcecode.c.objc; path = HYRefreshHeaderView.m; sourceTree = "<group>"; };
		AF85B8411BF4B70F00044DF4 /* weibo.app */ = {isa = PBXFileReference; explicitFileType = wrapper.application; includeInIndex = 0; path = weibo.app; sourceTree = BUILT_PRODUCTS_DIR; };
		AF85B8451BF4B70F00044DF4 /* main.m */ = {isa = PBXFileReference; lastKnownFileType = sourcecode.c.objc; path = main.m; sourceTree = "<group>"; };
		AF85B8471BF4B70F00044DF4 /* AppDelegate.h */ = {isa = PBXFileReference; lastKnownFileType = sourcecode.c.h; path = AppDelegate.h; sourceTree = "<group>"; };
		AF85B8481BF4B70F00044DF4 /* AppDelegate.m */ = {isa = PBXFileReference; lastKnownFileType = sourcecode.c.objc; path = AppDelegate.m; sourceTree = "<group>"; };
		AF85B84E1BF4B70F00044DF4 /* Base */ = {isa = PBXFileReference; lastKnownFileType = file.storyboard; name = Base; path = Base.lproj/Main.storyboard; sourceTree = "<group>"; };
		AF85B8501BF4B70F00044DF4 /* Assets.xcassets */ = {isa = PBXFileReference; lastKnownFileType = folder.assetcatalog; path = Assets.xcassets; sourceTree = "<group>"; };
		AF85B8531BF4B70F00044DF4 /* Base */ = {isa = PBXFileReference; lastKnownFileType = file.storyboard; name = Base; path = Base.lproj/LaunchScreen.storyboard; sourceTree = "<group>"; };
		AF85B8551BF4B70F00044DF4 /* Info.plist */ = {isa = PBXFileReference; lastKnownFileType = text.plist.xml; path = Info.plist; sourceTree = "<group>"; };
		AF85B8911BF4E69900044DF4 /* HYButton.h */ = {isa = PBXFileReference; fileEncoding = 4; lastKnownFileType = sourcecode.c.h; path = HYButton.h; sourceTree = "<group>"; };
		AF85B8921BF4E69900044DF4 /* HYButton.m */ = {isa = PBXFileReference; fileEncoding = 4; lastKnownFileType = sourcecode.c.objc; path = HYButton.m; sourceTree = "<group>"; };
		AF85B8931BF4E69900044DF4 /* HYTabbar.h */ = {isa = PBXFileReference; fileEncoding = 4; lastKnownFileType = sourcecode.c.h; path = HYTabbar.h; sourceTree = "<group>"; };
		AF85B8941BF4E69900044DF4 /* HYTabbar.m */ = {isa = PBXFileReference; fileEncoding = 4; lastKnownFileType = sourcecode.c.objc; path = HYTabbar.m; sourceTree = "<group>"; };
		AF85B8971BF4E69900044DF4 /* ViewController.h */ = {isa = PBXFileReference; fileEncoding = 4; lastKnownFileType = sourcecode.c.h; path = ViewController.h; sourceTree = "<group>"; };
		AF85B8981BF4E69900044DF4 /* ViewController.m */ = {isa = PBXFileReference; fileEncoding = 4; lastKnownFileType = sourcecode.c.objc; path = ViewController.m; sourceTree = "<group>"; };
		AFA7F89F1BF5C6C000EABE40 /* HYDiscoverController.h */ = {isa = PBXFileReference; fileEncoding = 4; lastKnownFileType = sourcecode.c.h; path = HYDiscoverController.h; sourceTree = "<group>"; };
		AFA7F8A01BF5C6C000EABE40 /* HYDiscoverController.m */ = {isa = PBXFileReference; fileEncoding = 4; lastKnownFileType = sourcecode.c.objc; path = HYDiscoverController.m; sourceTree = "<group>"; };
		AFA7F8A21BF5C6D000EABE40 /* HYMeController.h */ = {isa = PBXFileReference; fileEncoding = 4; lastKnownFileType = sourcecode.c.h; path = HYMeController.h; sourceTree = "<group>"; };
		AFA7F8A31BF5C6D000EABE40 /* HYMeController.m */ = {isa = PBXFileReference; fileEncoding = 4; lastKnownFileType = sourcecode.c.objc; path = HYMeController.m; sourceTree = "<group>"; };
		AFA7F8A51BF5C6E100EABE40 /* HYMessageController.h */ = {isa = PBXFileReference; fileEncoding = 4; lastKnownFileType = sourcecode.c.h; path = HYMessageController.h; sourceTree = "<group>"; };
		AFA7F8A61BF5C6E100EABE40 /* HYMessageController.m */ = {isa = PBXFileReference; fileEncoding = 4; lastKnownFileType = sourcecode.c.objc; path = HYMessageController.m; sourceTree = "<group>"; };
		AFA7F8A81BF5C76D00EABE40 /* HYHomeController.h */ = {isa = PBXFileReference; fileEncoding = 4; lastKnownFileType = sourcecode.c.h; path = HYHomeController.h; sourceTree = "<group>"; };
		AFA7F8A91BF5C76D00EABE40 /* HYHomeController.m */ = {isa = PBXFileReference; fileEncoding = 4; lastKnownFileType = sourcecode.c.objc; path = HYHomeController.m; sourceTree = "<group>"; };
		AFA7F8AB1BF5D1E700EABE40 /* HyNavigationController.h */ = {isa = PBXFileReference; fileEncoding = 4; lastKnownFileType = sourcecode.c.h; path = HyNavigationController.h; sourceTree = "<group>"; };
		AFA7F8AC1BF5D1E700EABE40 /* HyNavigationController.m */ = {isa = PBXFileReference; fileEncoding = 4; lastKnownFileType = sourcecode.c.objc; path = HyNavigationController.m; sourceTree = "<group>"; };
		AFBDB6E11C04A72D004794B0 /* HYTableViewController.h */ = {isa = PBXFileReference; fileEncoding = 4; lastKnownFileType = sourcecode.c.h; path = HYTableViewController.h; sourceTree = "<group>"; };
		AFBDB6E21C04A72D004794B0 /* HYTableViewController.m */ = {isa = PBXFileReference; fileEncoding = 4; lastKnownFileType = sourcecode.c.objc; path = HYTableViewController.m; sourceTree = "<group>"; };
		AFD9680C1BFC5FB500A9764A /* HYTableViewCell.h */ = {isa = PBXFileReference; fileEncoding = 4; lastKnownFileType = sourcecode.c.h; path = HYTableViewCell.h; sourceTree = "<group>"; };
		AFD9680D1BFC5FB500A9764A /* HYTableViewCell.m */ = {isa = PBXFileReference; fileEncoding = 4; lastKnownFileType = sourcecode.c.objc; path = HYTableViewCell.m; sourceTree = "<group>"; };
		AFD968101BFC657A00A9764A /* HYWeibo.h */ = {isa = PBXFileReference; fileEncoding = 4; lastKnownFileType = sourcecode.c.h; path = HYWeibo.h; sourceTree = "<group>"; };
		AFD968111BFC657A00A9764A /* HYWeibo.m */ = {isa = PBXFileReference; fileEncoding = 4; lastKnownFileType = sourcecode.c.objc; path = HYWeibo.m; sourceTree = "<group>"; };
		AFD968131BFC65FF00A9764A /* HYUser.h */ = {isa = PBXFileReference; fileEncoding = 4; lastKnownFileType = sourcecode.c.h; path = HYUser.h; sourceTree = "<group>"; };
		AFD968141BFC65FF00A9764A /* HYUser.m */ = {isa = PBXFileReference; fileEncoding = 4; lastKnownFileType = sourcecode.c.objc; path = HYUser.m; sourceTree = "<group>"; };
		AFF376951C056750003EDA9A /* HYWeiboTopView.h */ = {isa = PBXFileReference; fileEncoding = 4; lastKnownFileType = sourcecode.c.h; path = HYWeiboTopView.h; sourceTree = "<group>"; };
		AFF376961C056750003EDA9A /* HYWeiboTopView.m */ = {isa = PBXFileReference; fileEncoding = 4; lastKnownFileType = sourcecode.c.objc; path = HYWeiboTopView.m; sourceTree = "<group>"; };
		AFF3769F1C056ABB003EDA9A /* HYPhotoView.h */ = {isa = PBXFileReference; fileEncoding = 4; lastKnownFileType = sourcecode.c.h; path = HYPhotoView.h; sourceTree = "<group>"; };
		AFF376A01C056ABB003EDA9A /* HYPhotoView.m */ = {isa = PBXFileReference; fileEncoding = 4; lastKnownFileType = sourcecode.c.objc; path = HYPhotoView.m; sourceTree = "<group>"; };
		AFF376A21C0599E1003EDA9A /* HYWeiboToolbar.h */ = {isa = PBXFileReference; fileEncoding = 4; lastKnownFileType = sourcecode.c.h; path = HYWeiboToolbar.h; sourceTree = "<group>"; };
		AFF376A31C0599E1003EDA9A /* HYWeiboToolbar.m */ = {isa = PBXFileReference; fileEncoding = 4; lastKnownFileType = sourcecode.c.objc; path = HYWeiboToolbar.m; sourceTree = "<group>"; };
		AFF376A81C05B905003EDA9A /* HYRetweetView.h */ = {isa = PBXFileReference; fileEncoding = 4; lastKnownFileType = sourcecode.c.h; path = HYRetweetView.h; sourceTree = "<group>"; };
		AFF376A91C05B905003EDA9A /* HYRetweetView.m */ = {isa = PBXFileReference; fileEncoding = 4; lastKnownFileType = sourcecode.c.objc; path = HYRetweetView.m; sourceTree = "<group>"; };
		AFF74AFA1BF9863E003B8C61 /* HYLoginLogoView.h */ = {isa = PBXFileReference; fileEncoding = 4; lastKnownFileType = sourcecode.c.h; path = HYLoginLogoView.h; sourceTree = "<group>"; };
		AFF74AFB1BF9863E003B8C61 /* HYLoginLogoView.m */ = {isa = PBXFileReference; fileEncoding = 4; lastKnownFileType = sourcecode.c.objc; path = HYLoginLogoView.m; sourceTree = "<group>"; };
		AFF74AFD1BF9ADE3003B8C61 /* weibo.pch */ = {isa = PBXFileReference; lastKnownFileType = sourcecode.c.h; path = weibo.pch; sourceTree = "<group>"; };
		AFF74B001BF9D467003B8C61 /* HYHelper.h */ = {isa = PBXFileReference; fileEncoding = 4; lastKnownFileType = sourcecode.c.h; path = HYHelper.h; sourceTree = "<group>"; };
		AFF74B011BF9D467003B8C61 /* HYHelper.m */ = {isa = PBXFileReference; fileEncoding = 4; lastKnownFileType = sourcecode.c.objc; path = HYHelper.m; sourceTree = "<group>"; };
/* End PBXFileReference section */

/* Begin PBXFrameworksBuildPhase section */
		AF85B83E1BF4B70F00044DF4 /* Frameworks */ = {
			isa = PBXFrameworksBuildPhase;
			buildActionMask = 2147483647;
			files = (
				2D7D84B21BFE073F006A1E88 /* libSDWebImage.a in Frameworks */,
				2D7D84801BFDFFED006A1E88 /* MapKit.framework in Frameworks */,
				2D7D847B1BFDFE31006A1E88 /* ImageIO.framework in Frameworks */,
			);
			runOnlyForDeploymentPostprocessing = 0;
		};
/* End PBXFrameworksBuildPhase section */

/* Begin PBXGroup section */
		2D7D84771BFDF23E006A1E88 /* lib */ = {
			isa = PBXGroup;
			children = (
			);
			name = lib;
			sourceTree = "<group>";
		};
		2D7D849F1BFE071C006A1E88 /* Products */ = {
			isa = PBXGroup;
			children = (
				2D7D84A81BFE071D006A1E88 /* libSDWebImage.a */,
				2D7D84AA1BFE071D006A1E88 /* libSDWebImage+WebP.a */,
				2D7D84AC1BFE071D006A1E88 /* libSDWebImage+MKAnnotation.a */,
				2D7D84AE1BFE071D006A1E88 /* WebImage.framework */,
				2D7D84B01BFE071D006A1E88 /* WebImage.framework */,
			);
			name = Products;
			sourceTree = "<group>";
		};
		AF36CE341BF6326100238C59 /* login */ = {
			isa = PBXGroup;
			children = (
				AFF74AF91BF98605003B8C61 /* view */,
				AFF74AF81BF985FA003B8C61 /* controller */,
			);
			name = login;
			sourceTree = "<group>";
		};
		AF85B8381BF4B70F00044DF4 = {
			isa = PBXGroup;
			children = (
				2D7D849E1BFE071C006A1E88 /* SDWebImage.xcodeproj */,
				2D7D847F1BFDFFED006A1E88 /* MapKit.framework */,
				2D7D847A1BFDFE31006A1E88 /* ImageIO.framework */,
				AF85B8431BF4B70F00044DF4 /* weibo */,
				AF85B8421BF4B70F00044DF4 /* Products */,
			);
			sourceTree = "<group>";
		};
		AF85B8421BF4B70F00044DF4 /* Products */ = {
			isa = PBXGroup;
			children = (
				AF85B8411BF4B70F00044DF4 /* weibo.app */,
			);
			name = Products;
			sourceTree = "<group>";
		};
		AF85B8431BF4B70F00044DF4 /* weibo */ = {
			isa = PBXGroup;
			children = (
				AFA7F8911BF5BFD100EABE40 /* classes */,
				AF85B8471BF4B70F00044DF4 /* AppDelegate.h */,
				AF85B8481BF4B70F00044DF4 /* AppDelegate.m */,
				AF85B84D1BF4B70F00044DF4 /* Main.storyboard */,
				AF85B8501BF4B70F00044DF4 /* Assets.xcassets */,
				AF85B8521BF4B70F00044DF4 /* LaunchScreen.storyboard */,
				AF85B8551BF4B70F00044DF4 /* Info.plist */,
				AF85B8441BF4B70F00044DF4 /* Supporting Files */,
			);
			path = weibo;
			sourceTree = "<group>";
		};
		AF85B8441BF4B70F00044DF4 /* Supporting Files */ = {
			isa = PBXGroup;
			children = (
				AF85B8451BF4B70F00044DF4 /* main.m */,
				AFF74AFD1BF9ADE3003B8C61 /* weibo.pch */,
			);
			name = "Supporting Files";
			sourceTree = "<group>";
		};
		AFA7F88F1BF5BFBD00EABE40 /* home */ = {
			isa = PBXGroup;
			children = (
				AFD9680F1BFC655000A9764A /* model */,
				AFD9680B1BFC5F6A00A9764A /* view */,
				AFA7F8951BF5C00400EABE40 /* controller */,
			);
			name = home;
			sourceTree = "<group>";
		};
		AFA7F8901BF5BFCB00EABE40 /* main */ = {
			isa = PBXGroup;
			children = (
				AFA7F8941BF5BFEE00EABE40 /* model */,
				AFA7F8931BF5BFE900EABE40 /* view */,
				AFA7F8921BF5BFE200EABE40 /* controller */,
			);
			name = main;
			sourceTree = "<group>";
		};
		AFA7F8911BF5BFD100EABE40 /* classes */ = {
			isa = PBXGroup;
			children = (
				AFF74AFE1BF9D444003B8C61 /* other */,
				AF36CE341BF6326100238C59 /* login */,
				AFA7F89B1BF5C68800EABE40 /* discover */,
				AFA7F89A1BF5C67100EABE40 /* me */,
				AFA7F8991BF5C66A00EABE40 /* message */,
				AFA7F8901BF5BFCB00EABE40 /* main */,
				AFA7F88F1BF5BFBD00EABE40 /* home */,
				AFBDB6E11C04A72D004794B0 /* HYTableViewController.h */,
				AFBDB6E21C04A72D004794B0 /* HYTableViewController.m */,
			);
			name = classes;
			sourceTree = "<group>";
		};
		AFA7F8921BF5BFE200EABE40 /* controller */ = {
			isa = PBXGroup;
			children = (
				AF85B8971BF4E69900044DF4 /* ViewController.h */,
				AF85B8981BF4E69900044DF4 /* ViewController.m */,
				AFA7F8AB1BF5D1E700EABE40 /* HyNavigationController.h */,
				AFA7F8AC1BF5D1E700EABE40 /* HyNavigationController.m */,
			);
			name = controller;
			sourceTree = "<group>";
		};
		AFA7F8931BF5BFE900EABE40 /* view */ = {
			isa = PBXGroup;
			children = (
				AF85B8911BF4E69900044DF4 /* HYButton.h */,
				AF85B8921BF4E69900044DF4 /* HYButton.m */,
				AF85B8931BF4E69900044DF4 /* HYTabbar.h */,
				AF85B8941BF4E69900044DF4 /* HYTabbar.m */,
			);
			name = view;
			sourceTree = "<group>";
		};
		AFA7F8941BF5BFEE00EABE40 /* model */ = {
			isa = PBXGroup;
			children = (
			);
			name = model;
			sourceTree = "<group>";
		};
		AFA7F8951BF5C00400EABE40 /* controller */ = {
			isa = PBXGroup;
			children = (
				AFA7F8A81BF5C76D00EABE40 /* HYHomeController.h */,
				AFA7F8A91BF5C76D00EABE40 /* HYHomeController.m */,
			);
			name = controller;
			sourceTree = "<group>";
		};
		AFA7F8991BF5C66A00EABE40 /* message */ = {
			isa = PBXGroup;
			children = (
				AFA7F89E1BF5C69A00EABE40 /* controller */,
			);
			name = message;
			sourceTree = "<group>";
		};
		AFA7F89A1BF5C67100EABE40 /* me */ = {
			isa = PBXGroup;
			children = (
				AFA7F89D1BF5C69300EABE40 /* controller */,
			);
			name = me;
			sourceTree = "<group>";
		};
		AFA7F89B1BF5C68800EABE40 /* discover */ = {
			isa = PBXGroup;
			children = (
				AFA7F89C1BF5C68D00EABE40 /* controller */,
			);
			name = discover;
			sourceTree = "<group>";
		};
		AFA7F89C1BF5C68D00EABE40 /* controller */ = {
			isa = PBXGroup;
			children = (
				AFA7F89F1BF5C6C000EABE40 /* HYDiscoverController.h */,
				AFA7F8A01BF5C6C000EABE40 /* HYDiscoverController.m */,
			);
			name = controller;
			sourceTree = "<group>";
		};
		AFA7F89D1BF5C69300EABE40 /* controller */ = {
			isa = PBXGroup;
			children = (
				AFA7F8A21BF5C6D000EABE40 /* HYMeController.h */,
				AFA7F8A31BF5C6D000EABE40 /* HYMeController.m */,
			);
			name = controller;
			sourceTree = "<group>";
		};
		AFA7F89E1BF5C69A00EABE40 /* controller */ = {
			isa = PBXGroup;
			children = (
				AFA7F8A51BF5C6E100EABE40 /* HYMessageController.h */,
				AFA7F8A61BF5C6E100EABE40 /* HYMessageController.m */,
			);
			name = controller;
			sourceTree = "<group>";
		};
		AFD9680B1BFC5F6A00A9764A /* view */ = {
			isa = PBXGroup;
			children = (
				AFD9680C1BFC5FB500A9764A /* HYTableViewCell.h */,
				AFD9680D1BFC5FB500A9764A /* HYTableViewCell.m */,
				AFF376951C056750003EDA9A /* HYWeiboTopView.h */,
				AFF376961C056750003EDA9A /* HYWeiboTopView.m */,
				AFF3769F1C056ABB003EDA9A /* HYPhotoView.h */,
				AFF376A01C056ABB003EDA9A /* HYPhotoView.m */,
				AFF376A21C0599E1003EDA9A /* HYWeiboToolbar.h */,
				AFF376A31C0599E1003EDA9A /* HYWeiboToolbar.m */,
				AFF376A81C05B905003EDA9A /* HYRetweetView.h */,
				AFF376A91C05B905003EDA9A /* HYRetweetView.m */,
				2DC551EE1C05EBFF008FB12E /* HYModelView.h */,
				2DC551EF1C05EBFF008FB12E /* HYModelView.m */,
				AF58FB1E1C06B598007473BD /* HYRefreshHeaderView.h */,
				AF58FB1F1C06B598007473BD /* HYRefreshHeaderView.m */,
				2DF0F2C21C072F9F00CE7B86 /* HYRefreshFooterView.h */,
				2DF0F2C31C072F9F00CE7B86 /* HYRefreshFooterView.m */,
			);
			name = view;
			sourceTree = "<group>";
		};
		AFD9680F1BFC655000A9764A /* model */ = {
			isa = PBXGroup;
			children = (
				AFD968101BFC657A00A9764A /* HYWeibo.h */,
				AFD968111BFC657A00A9764A /* HYWeibo.m */,
				AFD968131BFC65FF00A9764A /* HYUser.h */,
				AFD968141BFC65FF00A9764A /* HYUser.m */,
				AF47261C1BFD91AA00933F3A /* HYWeiboFrame.h */,
				AF47261D1BFD91AA00933F3A /* HYWeiboFrame.m */,
			);
			name = model;
			sourceTree = "<group>";
		};
		AFF74AF81BF985FA003B8C61 /* controller */ = {
			isa = PBXGroup;
			children = (
				AF36CE351BF6327400238C59 /* HYLoginController.h */,
				AF36CE361BF6327400238C59 /* HYLoginController.m */,
			);
			name = controller;
			sourceTree = "<group>";
		};
		AFF74AF91BF98605003B8C61 /* view */ = {
			isa = PBXGroup;
			children = (
				AFF74AFA1BF9863E003B8C61 /* HYLoginLogoView.h */,
				AFF74AFB1BF9863E003B8C61 /* HYLoginLogoView.m */,
			);
			name = view;
			sourceTree = "<group>";
		};
		AFF74AFE1BF9D444003B8C61 /* other */ = {
			isa = PBXGroup;
			children = (
				2D7D84771BFDF23E006A1E88 /* lib */,
				AFF74AFF1BF9D449003B8C61 /* model */,
			);
			name = other;
			sourceTree = "<group>";
		};
		AFF74AFF1BF9D449003B8C61 /* model */ = {
			isa = PBXGroup;
			children = (
				AFF74B001BF9D467003B8C61 /* HYHelper.h */,
				AFF74B011BF9D467003B8C61 /* HYHelper.m */,
			);
			name = model;
			sourceTree = "<group>";
		};
/* End PBXGroup section */

/* Begin PBXNativeTarget section */
		AF85B8401BF4B70F00044DF4 /* weibo */ = {
			isa = PBXNativeTarget;
			buildConfigurationList = AF85B8581BF4B70F00044DF4 /* Build configuration list for PBXNativeTarget "weibo" */;
			buildPhases = (
				AF85B83D1BF4B70F00044DF4 /* Sources */,
				AF85B83E1BF4B70F00044DF4 /* Frameworks */,
				AF85B83F1BF4B70F00044DF4 /* Resources */,
			);
			buildRules = (
			);
			dependencies = (
			);
			name = weibo;
			productName = weibo;
			productReference = AF85B8411BF4B70F00044DF4 /* weibo.app */;
			productType = "com.apple.product-type.application";
		};
/* End PBXNativeTarget section */

/* Begin PBXProject section */
		AF85B8391BF4B70F00044DF4 /* Project object */ = {
			isa = PBXProject;
			attributes = {
				CLASSPREFIX = HY;
				LastUpgradeCheck = 0710;
				ORGANIZATIONNAME = zhangfuqiang;
				TargetAttributes = {
					AF85B8401BF4B70F00044DF4 = {
						CreatedOnToolsVersion = 7.1;
					};
				};
			};
			buildConfigurationList = AF85B83C1BF4B70F00044DF4 /* Build configuration list for PBXProject "weibo" */;
			compatibilityVersion = "Xcode 3.2";
			developmentRegion = English;
			hasScannedForEncodings = 0;
			knownRegions = (
				en,
				Base,
			);
			mainGroup = AF85B8381BF4B70F00044DF4;
			productRefGroup = AF85B8421BF4B70F00044DF4 /* Products */;
			projectDirPath = "";
			projectReferences = (
				{
					ProductGroup = 2D7D849F1BFE071C006A1E88 /* Products */;
					ProjectRef = 2D7D849E1BFE071C006A1E88 /* SDWebImage.xcodeproj */;
				},
			);
			projectRoot = "";
			targets = (
				AF85B8401BF4B70F00044DF4 /* weibo */,
			);
		};
/* End PBXProject section */

/* Begin PBXReferenceProxy section */
		2D7D84A81BFE071D006A1E88 /* libSDWebImage.a */ = {
			isa = PBXReferenceProxy;
			fileType = archive.ar;
			path = libSDWebImage.a;
			remoteRef = 2D7D84A71BFE071D006A1E88 /* PBXContainerItemProxy */;
			sourceTree = BUILT_PRODUCTS_DIR;
		};
		2D7D84AA1BFE071D006A1E88 /* libSDWebImage+WebP.a */ = {
			isa = PBXReferenceProxy;
			fileType = archive.ar;
			path = "libSDWebImage+WebP.a";
			remoteRef = 2D7D84A91BFE071D006A1E88 /* PBXContainerItemProxy */;
			sourceTree = BUILT_PRODUCTS_DIR;
		};
		2D7D84AC1BFE071D006A1E88 /* libSDWebImage+MKAnnotation.a */ = {
			isa = PBXReferenceProxy;
			fileType = archive.ar;
			path = "libSDWebImage+MKAnnotation.a";
			remoteRef = 2D7D84AB1BFE071D006A1E88 /* PBXContainerItemProxy */;
			sourceTree = BUILT_PRODUCTS_DIR;
		};
		2D7D84AE1BFE071D006A1E88 /* WebImage.framework */ = {
			isa = PBXReferenceProxy;
			fileType = wrapper.framework;
			path = WebImage.framework;
			remoteRef = 2D7D84AD1BFE071D006A1E88 /* PBXContainerItemProxy */;
			sourceTree = BUILT_PRODUCTS_DIR;
		};
		2D7D84B01BFE071D006A1E88 /* WebImage.framework */ = {
			isa = PBXReferenceProxy;
			fileType = wrapper.framework;
			path = WebImage.framework;
			remoteRef = 2D7D84AF1BFE071D006A1E88 /* PBXContainerItemProxy */;
			sourceTree = BUILT_PRODUCTS_DIR;
		};
/* End PBXReferenceProxy section */

/* Begin PBXResourcesBuildPhase section */
		AF85B83F1BF4B70F00044DF4 /* Resources */ = {
			isa = PBXResourcesBuildPhase;
			buildActionMask = 2147483647;
			files = (
				AF85B8541BF4B70F00044DF4 /* LaunchScreen.storyboard in Resources */,
				AF85B8511BF4B70F00044DF4 /* Assets.xcassets in Resources */,
				AF85B84F1BF4B70F00044DF4 /* Main.storyboard in Resources */,
			);
			runOnlyForDeploymentPostprocessing = 0;
		};
/* End PBXResourcesBuildPhase section */

/* Begin PBXSourcesBuildPhase section */
		AF85B83D1BF4B70F00044DF4 /* Sources */ = {
			isa = PBXSourcesBuildPhase;
			buildActionMask = 2147483647;
			files = (
				AF47261E1BFD91AA00933F3A /* HYWeiboFrame.m in Sources */,
				AFA7F8A11BF5C6C000EABE40 /* HYDiscoverController.m in Sources */,
				AFF376A11C056ABB003EDA9A /* HYPhotoView.m in Sources */,
				AF85B89C1BF4E69900044DF4 /* ViewController.m in Sources */,
				AFD9680E1BFC5FB500A9764A /* HYTableViewCell.m in Sources */,
				AFD968151BFC65FF00A9764A /* HYUser.m in Sources */,
				AFF376AA1C05B905003EDA9A /* HYRetweetView.m in Sources */,
				2DF0F2C41C072F9F00CE7B86 /* HYRefreshFooterView.m in Sources */,
				AFA7F8A41BF5C6D000EABE40 /* HYMeController.m in Sources */,
				AFA7F8A71BF5C6E100EABE40 /* HYMessageController.m in Sources */,
				AF85B8491BF4B70F00044DF4 /* AppDelegate.m in Sources */,
				AF85B8991BF4E69900044DF4 /* HYButton.m in Sources */,
				2DC551F01C05EBFF008FB12E /* HYModelView.m in Sources */,
				AF58FB201C06B598007473BD /* HYRefreshHeaderView.m in Sources */,
				AFF74B021BF9D467003B8C61 /* HYHelper.m in Sources */,
				AFBDB6E31C04A72D004794B0 /* HYTableViewController.m in Sources */,
				AFF376A41C0599E1003EDA9A /* HYWeiboToolbar.m in Sources */,
				AF85B89A1BF4E69900044DF4 /* HYTabbar.m in Sources */,
				AFF376971C056750003EDA9A /* HYWeiboTopView.m in Sources */,
				AFA7F8AA1BF5C76D00EABE40 /* HYHomeController.m in Sources */,
				AF36CE371BF6327400238C59 /* HYLoginController.m in Sources */,
				AFA7F8AD1BF5D1E700EABE40 /* HyNavigationController.m in Sources */,
				AFD968121BFC657A00A9764A /* HYWeibo.m in Sources */,
				AFF74AFC1BF9863E003B8C61 /* HYLoginLogoView.m in Sources */,
				AF85B8461BF4B70F00044DF4 /* main.m in Sources */,
			);
			runOnlyForDeploymentPostprocessing = 0;
		};
/* End PBXSourcesBuildPhase section */

/* Begin PBXVariantGroup section */
		AF85B84D1BF4B70F00044DF4 /* Main.storyboard */ = {
			isa = PBXVariantGroup;
			children = (
				AF85B84E1BF4B70F00044DF4 /* Base */,
			);
			name = Main.storyboard;
			sourceTree = "<group>";
		};
		AF85B8521BF4B70F00044DF4 /* LaunchScreen.storyboard */ = {
			isa = PBXVariantGroup;
			children = (
				AF85B8531BF4B70F00044DF4 /* Base */,
			);
			name = LaunchScreen.storyboard;
			sourceTree = "<group>";
		};
/* End PBXVariantGroup section */

/* Begin XCBuildConfiguration section */
		AF85B8561BF4B70F00044DF4 /* Debug */ = {
			isa = XCBuildConfiguration;
			buildSettings = {
				ALWAYS_SEARCH_USER_PATHS = NO;
				CLANG_CXX_LANGUAGE_STANDARD = "gnu++0x";
				CLANG_CXX_LIBRARY = "libc++";
				CLANG_ENABLE_MODULES = YES;
				CLANG_ENABLE_OBJC_ARC = YES;
				CLANG_WARN_BOOL_CONVERSION = YES;
				CLANG_WARN_CONSTANT_CONVERSION = YES;
				CLANG_WARN_DIRECT_OBJC_ISA_USAGE = YES_ERROR;
				CLANG_WARN_EMPTY_BODY = YES;
				CLANG_WARN_ENUM_CONVERSION = YES;
				CLANG_WARN_INT_CONVERSION = YES;
				CLANG_WARN_OBJC_ROOT_CLASS = YES_ERROR;
				CLANG_WARN_UNREACHABLE_CODE = YES;
				CLANG_WARN__DUPLICATE_METHOD_MATCH = YES;
				"CODE_SIGN_IDENTITY[sdk=iphoneos*]" = "iPhone Developer";
				COPY_PHASE_STRIP = NO;
				DEBUG_INFORMATION_FORMAT = dwarf;
				ENABLE_STRICT_OBJC_MSGSEND = YES;
				ENABLE_TESTABILITY = YES;
				GCC_C_LANGUAGE_STANDARD = gnu99;
				GCC_DYNAMIC_NO_PIC = NO;
				GCC_NO_COMMON_BLOCKS = YES;
				GCC_OPTIMIZATION_LEVEL = 0;
				GCC_PREPROCESSOR_DEFINITIONS = (
					"DEBUG=1",
					"$(inherited)",
				);
				GCC_WARN_64_TO_32_BIT_CONVERSION = YES;
				GCC_WARN_ABOUT_RETURN_TYPE = YES_ERROR;
				GCC_WARN_UNDECLARED_SELECTOR = YES;
				GCC_WARN_UNINITIALIZED_AUTOS = YES_AGGRESSIVE;
				GCC_WARN_UNUSED_FUNCTION = YES;
				GCC_WARN_UNUSED_VARIABLE = YES;
				IPHONEOS_DEPLOYMENT_TARGET = 9.1;
				MTL_ENABLE_DEBUG_INFO = YES;
				ONLY_ACTIVE_ARCH = YES;
				SDKROOT = iphoneos;
			};
			name = Debug;
		};
		AF85B8571BF4B70F00044DF4 /* Release */ = {
			isa = XCBuildConfiguration;
			buildSettings = {
				ALWAYS_SEARCH_USER_PATHS = NO;
				CLANG_CXX_LANGUAGE_STANDARD = "gnu++0x";
				CLANG_CXX_LIBRARY = "libc++";
				CLANG_ENABLE_MODULES = YES;
				CLANG_ENABLE_OBJC_ARC = YES;
				CLANG_WARN_BOOL_CONVERSION = YES;
				CLANG_WARN_CONSTANT_CONVERSION = YES;
				CLANG_WARN_DIRECT_OBJC_ISA_USAGE = YES_ERROR;
				CLANG_WARN_EMPTY_BODY = YES;
				CLANG_WARN_ENUM_CONVERSION = YES;
				CLANG_WARN_INT_CONVERSION = YES;
				CLANG_WARN_OBJC_ROOT_CLASS = YES_ERROR;
				CLANG_WARN_UNREACHABLE_CODE = YES;
				CLANG_WARN__DUPLICATE_METHOD_MATCH = YES;
				"CODE_SIGN_IDENTITY[sdk=iphoneos*]" = "iPhone Developer";
				COPY_PHASE_STRIP = NO;
				DEBUG_INFORMATION_FORMAT = "dwarf-with-dsym";
				ENABLE_NS_ASSERTIONS = NO;
				ENABLE_STRICT_OBJC_MSGSEND = YES;
				GCC_C_LANGUAGE_STANDARD = gnu99;
				GCC_NO_COMMON_BLOCKS = YES;
				GCC_WARN_64_TO_32_BIT_CONVERSION = YES;
				GCC_WARN_ABOUT_RETURN_TYPE = YES_ERROR;
				GCC_WARN_UNDECLARED_SELECTOR = YES;
				GCC_WARN_UNINITIALIZED_AUTOS = YES_AGGRESSIVE;
				GCC_WARN_UNUSED_FUNCTION = YES;
				GCC_WARN_UNUSED_VARIABLE = YES;
				IPHONEOS_DEPLOYMENT_TARGET = 9.1;
				MTL_ENABLE_DEBUG_INFO = NO;
				SDKROOT = iphoneos;
				VALIDATE_PRODUCT = YES;
			};
			name = Release;
		};
		AF85B8591BF4B70F00044DF4 /* Debug */ = {
			isa = XCBuildConfiguration;
			buildSettings = {
				ASSETCATALOG_COMPILER_APPICON_NAME = AppIcon;
				ASSETCATALOG_COMPILER_LAUNCHIMAGE_NAME = LaunchImage;
				CODE_SIGN_IDENTITY = "iPhone Developer";
				"CODE_SIGN_IDENTITY[sdk=iphoneos*]" = "iPhone Developer";
				GCC_PREFIX_HEADER = "${SRCROOT}/weibo/weibo.pch";
				INFOPLIST_FILE = weibo/Info.plist;
				IPHONEOS_DEPLOYMENT_TARGET = 7.1;
				LD_RUNPATH_SEARCH_PATHS = "$(inherited) @executable_path/Frameworks";
				OTHER_LDFLAGS = "-ObjC";
				PRODUCT_BUNDLE_IDENTIFIER = com.buqian.weibo;
				PRODUCT_NAME = "$(TARGET_NAME)";
				PROVISIONING_PROFILE = "e0bc84f7-92f6-452b-bf73-3e1a363399f9";
				TARGETED_DEVICE_FAMILY = 1;
			};
			name = Debug;
		};
		AF85B85A1BF4B70F00044DF4 /* Release */ = {
			isa = XCBuildConfiguration;
			buildSettings = {
				ASSETCATALOG_COMPILER_APPICON_NAME = AppIcon;
				ASSETCATALOG_COMPILER_LAUNCHIMAGE_NAME = LaunchImage;
				CODE_SIGN_IDENTITY = "iPhone Developer";
				"CODE_SIGN_IDENTITY[sdk=iphoneos*]" = "iPhone Developer";
				GCC_PREFIX_HEADER = "${SRCROOT}/weibo/weibo.pch";
				INFOPLIST_FILE = weibo/Info.plist;
				IPHONEOS_DEPLOYMENT_TARGET = 7.1;
				LD_RUNPATH_SEARCH_PATHS = "$(inherited) @executable_path/Frameworks";
				OTHER_LDFLAGS = "-ObjC";
				PRODUCT_BUNDLE_IDENTIFIER = com.buqian.weibo;
				PRODUCT_NAME = "$(TARGET_NAME)";
				PROVISIONING_PROFILE = "e0bc84f7-92f6-452b-bf73-3e1a363399f9";
				TARGETED_DEVICE_FAMILY = 1;
			};
			name = Release;
		};
/* End XCBuildConfiguration section */

/* Begin XCConfigurationList section */
		AF85B83C1BF4B70F00044DF4 /* Build configuration list for PBXProject "weibo" */ = {
			isa = XCConfigurationList;
			buildConfigurations = (
				AF85B8561BF4B70F00044DF4 /* Debug */,
				AF85B8571BF4B70F00044DF4 /* Release */,
			);
			defaultConfigurationIsVisible = 0;
			defaultConfigurationName = Release;
		};
		AF85B8581BF4B70F00044DF4 /* Build configuration list for PBXNativeTarget "weibo" */ = {
			isa = XCConfigurationList;
			buildConfigurations = (
				AF85B8591BF4B70F00044DF4 /* Debug */,
				AF85B85A1BF4B70F00044DF4 /* Release */,
			);
			defaultConfigurationIsVisible = 0;
			defaultConfigurationName = Release;
		};
/* End XCConfigurationList section */
	};
	rootObject = AF85B8391BF4B70F00044DF4 /* Project object */;
}
